
Microsoft Visual Studio Solution File, Format Version 12.00
# Visual Studio Version 17
VisualStudioVersion = 17.9.34622.214
MinimumVisualStudioVersion = 10.0.40219.1
Project("{FAE04EC0-301F-11D3-BF4B-00C04F79EFBC}") = "CodeCoverage", "CodeCoverage.csproj", "{0CA34C8D-0DC8-410C-995C-24259DED8A81}"
EndProject
Project("{FAE04EC0-301F-11D3-BF4B-00C04F79EFBC}") = "CodeCoverageTests", "..\CodeCoverageTests\CodeCoverageTests.csproj", "{385BB09F-8733-489D-A0FF-F9024E39E13C}"
EndProject
Global
	GlobalSection(SolutionConfigurationPlatforms) = preSolution
		Debug|Any CPU = Debug|Any CPU
		Release|Any CPU = Release|Any CPU
	EndGlobalSection
	GlobalSection(ProjectConfigurationPlatforms) = postSolution
		{0CA34C8D-0DC8-410C-995C-24259DED8A81}.Debug|Any CPU.ActiveCfg = Debug|Any CPU
		{0CA34C8D-0DC8-410C-995C-24259DED8A81}.Debug|Any CPU.Build.0 = Debug|Any CPU
		{0CA34C8D-0DC8-410C-995C-24259DED8A81}.Release|Any CPU.ActiveCfg = Release|Any CPU
		{0CA34C8D-0DC8-410C-995C-24259DED8A81}.Release|Any CPU.Build.0 = Release|Any CPU
		{385BB09F-8733-489D-A0FF-F9024E39E13C}.Debug|Any CPU.ActiveCfg = Debug|Any CPU
		{385BB09F-8733-489D-A0FF-F9024E39E13C}.Debug|Any CPU.Build.0 = Debug|Any CPU
		{385BB09F-8733-489D-A0FF-F9024E39E13C}.Release|Any CPU.ActiveCfg = Release|Any CPU
		{385BB09F-8733-489D-A0FF-F9024E39E13C}.Release|Any CPU.Build.0 = Release|Any CPU
	EndGlobalSection
	GlobalSection(SolutionProperties) = preSolution
		HideSolutionNode = FALSE
	EndGlobalSection
	GlobalSection(ExtensibilityGlobals) = postSolution
		SolutionGuid = {D75827E5-0225-4B06-80E4-8338877E4856}
	EndGlobalSection
EndGlobal
